{
  "name": "g-cloud-chat-bot",
  "version": "0.1.0",
  "lockfileVersion": 1,
  "requires": true,
  "dependencies": {
    "conversational-form": {
      "version": "0.9.80",
      "resolved": "https://registry.npmjs.org/conversational-form/-/conversational-form-0.9.80.tgz",
      "integrity": "sha512-RDdeX/mUluGCV6mYRFa0mjjl2Uu2VJfK9gAmjJCz/Ki9I+kZLhIXmZGQyVMjA+zOyrlgFpoOeieLa5t7+jsjbQ=="
    }
  }
}
